
Microsoft Visual Studio Solution File, Format Version 12.00
# Visual Studio Version 16
VisualStudioVersion = 16.0.31729.503
MinimumVisualStudioVersion = 10.0.40219.1
Project("{2150E333-8FDC-42A3-9474-1A3956D46DE8}") = "Services", "Services", "{DBDA8ED3-4643-4881-87C4-3D3DCE2F81A2}"
EndProject
Project("{2150E333-8FDC-42A3-9474-1A3956D46DE8}") = "Catalog", "Catalog", "{E6E00210-A642-49A0-B6EC-CB399143B4FE}"
EndProject
Project("{FAE04EC0-301F-11D3-BF4B-00C04F79EFBC}") = "Catalog.API", "Services\Catalog\Catalog.API\Catalog.API.csproj", "{D1F73B9B-B492-4F4B-90DD-4FF4872AA842}"
EndProject
Global
	GlobalSection(SolutionConfigurationPlatforms) = preSolution
		Debug|Any CPU = Debug|Any CPU
		Release|Any CPU = Release|Any CPU
	EndGlobalSection
	GlobalSection(ProjectConfigurationPlatforms) = postSolution
		{D1F73B9B-B492-4F4B-90DD-4FF4872AA842}.Debug|Any CPU.ActiveCfg = Debug|Any CPU
		{D1F73B9B-B492-4F4B-90DD-4FF4872AA842}.Debug|Any CPU.Build.0 = Debug|Any CPU
		{D1F73B9B-B492-4F4B-90DD-4FF4872AA842}.Release|Any CPU.ActiveCfg = Release|Any CPU
		{D1F73B9B-B492-4F4B-90DD-4FF4872AA842}.Release|Any CPU.Build.0 = Release|Any CPU
	EndGlobalSection
	GlobalSection(SolutionProperties) = preSolution
		HideSolutionNode = FALSE
	EndGlobalSection
	GlobalSection(NestedProjects) = preSolution
		{E6E00210-A642-49A0-B6EC-CB399143B4FE} = {DBDA8ED3-4643-4881-87C4-3D3DCE2F81A2}
		{D1F73B9B-B492-4F4B-90DD-4FF4872AA842} = {E6E00210-A642-49A0-B6EC-CB399143B4FE}
	EndGlobalSection
	GlobalSection(ExtensibilityGlobals) = postSolution
		SolutionGuid = {25CBC035-79C2-46C1-8274-61165BE367F0}
	EndGlobalSection
EndGlobal
